
Microsoft Visual Studio Solution File, Format Version 12.00
# Visual Studio Version 17
VisualStudioVersion = 17.1.32421.90
MinimumVisualStudioVersion = 10.0.40219.1
Project("{9A19103F-16F7-4668-BE54-9A1E7A4F7556}") = "01. Sum Adjacent Equal Numbers", "01. Sum Adjacent Equal Numbers\01. Sum Adjacent Equal Numbers.csproj", "{95CE253E-230E-4FE1-BB45-01C91800F64B}"
EndProject
Project("{9A19103F-16F7-4668-BE54-9A1E7A4F7556}") = "02. Gauss' Trick", "02. Gauss' Trick\02. Gauss' Trick.csproj", "{BD82E395-ED9C-4215-8554-5488B885A3BC}"
EndProject
Project("{9A19103F-16F7-4668-BE54-9A1E7A4F7556}") = "03. Merging Lists", "03. Merging Lists\03. Merging Lists.csproj", "{9AB81CF8-DFE6-40C7-813E-F3219C5782B7}"
EndProject
Project("{FAE04EC0-301F-11D3-BF4B-00C04F79EFBC}") = "04. List of Products", "04. List of Products\04. List of Products.csproj", "{602B2D87-8C39-464A-9833-99014C57141F}"
EndProject
Project("{FAE04EC0-301F-11D3-BF4B-00C04F79EFBC}") = "05. Remove Negatives and Reverse", "05. Remove Negatives and Reverse\05. Remove Negatives and Reverse.csproj", "{7123010B-2E5F-49F9-B1B2-1F3714229948}"
EndProject
Project("{FAE04EC0-301F-11D3-BF4B-00C04F79EFBC}") = "06. List Manipulation Basics", "06. List Manipulation Basics\06. List Manipulation Basics.csproj", "{011EFDD8-880C-497F-84CF-4C32F19D0775}"
EndProject
Project("{FAE04EC0-301F-11D3-BF4B-00C04F79EFBC}") = "07. List Manipulation Advanced", "07. List Manipulation Advanced\07. List Manipulation Advanced.csproj", "{B8531C5C-C6C0-4913-B483-4A29F2614C01}"
EndProject
Global
	GlobalSection(SolutionConfigurationPlatforms) = preSolution
		Debug|Any CPU = Debug|Any CPU
		Release|Any CPU = Release|Any CPU
	EndGlobalSection
	GlobalSection(ProjectConfigurationPlatforms) = postSolution
		{95CE253E-230E-4FE1-BB45-01C91800F64B}.Debug|Any CPU.ActiveCfg = Debug|Any CPU
		{95CE253E-230E-4FE1-BB45-01C91800F64B}.Debug|Any CPU.Build.0 = Debug|Any CPU
		{95CE253E-230E-4FE1-BB45-01C91800F64B}.Release|Any CPU.ActiveCfg = Release|Any CPU
		{95CE253E-230E-4FE1-BB45-01C91800F64B}.Release|Any CPU.Build.0 = Release|Any CPU
		{BD82E395-ED9C-4215-8554-5488B885A3BC}.Debug|Any CPU.ActiveCfg = Debug|Any CPU
		{BD82E395-ED9C-4215-8554-5488B885A3BC}.Debug|Any CPU.Build.0 = Debug|Any CPU
		{BD82E395-ED9C-4215-8554-5488B885A3BC}.Release|Any CPU.ActiveCfg = Release|Any CPU
		{BD82E395-ED9C-4215-8554-5488B885A3BC}.Release|Any CPU.Build.0 = Release|Any CPU
		{9AB81CF8-DFE6-40C7-813E-F3219C5782B7}.Debug|Any CPU.ActiveCfg = Debug|Any CPU
		{9AB81CF8-DFE6-40C7-813E-F3219C5782B7}.Debug|Any CPU.Build.0 = Debug|Any CPU
		{9AB81CF8-DFE6-40C7-813E-F3219C5782B7}.Release|Any CPU.ActiveCfg = Release|Any CPU
		{9AB81CF8-DFE6-40C7-813E-F3219C5782B7}.Release|Any CPU.Build.0 = Release|Any CPU
		{602B2D87-8C39-464A-9833-99014C57141F}.Debug|Any CPU.ActiveCfg = Debug|Any CPU
		{602B2D87-8C39-464A-9833-99014C57141F}.Debug|Any CPU.Build.0 = Debug|Any CPU
		{602B2D87-8C39-464A-9833-99014C57141F}.Release|Any CPU.ActiveCfg = Release|Any CPU
		{602B2D87-8C39-464A-9833-99014C57141F}.Release|Any CPU.Build.0 = Release|Any CPU
		{7123010B-2E5F-49F9-B1B2-1F3714229948}.Debug|Any CPU.ActiveCfg = Debug|Any CPU
		{7123010B-2E5F-49F9-B1B2-1F3714229948}.Debug|Any CPU.Build.0 = Debug|Any CPU
		{7123010B-2E5F-49F9-B1B2-1F3714229948}.Release|Any CPU.ActiveCfg = Release|Any CPU
		{7123010B-2E5F-49F9-B1B2-1F3714229948}.Release|Any CPU.Build.0 = Release|Any CPU
		{011EFDD8-880C-497F-84CF-4C32F19D0775}.Debug|Any CPU.ActiveCfg = Debug|Any CPU
		{011EFDD8-880C-497F-84CF-4C32F19D0775}.Debug|Any CPU.Build.0 = Debug|Any CPU
		{011EFDD8-880C-497F-84CF-4C32F19D0775}.Release|Any CPU.ActiveCfg = Release|Any CPU
		{011EFDD8-880C-497F-84CF-4C32F19D0775}.Release|Any CPU.Build.0 = Release|Any CPU
		{B8531C5C-C6C0-4913-B483-4A29F2614C01}.Debug|Any CPU.ActiveCfg = Debug|Any CPU
		{B8531C5C-C6C0-4913-B483-4A29F2614C01}.Debug|Any CPU.Build.0 = Debug|Any CPU
		{B8531C5C-C6C0-4913-B483-4A29F2614C01}.Release|Any CPU.ActiveCfg = Release|Any CPU
		{B8531C5C-C6C0-4913-B483-4A29F2614C01}.Release|Any CPU.Build.0 = Release|Any CPU
	EndGlobalSection
	GlobalSection(SolutionProperties) = preSolution
		HideSolutionNode = FALSE
	EndGlobalSection
	GlobalSection(ExtensibilityGlobals) = postSolution
		SolutionGuid = {8F78B055-0F0C-447C-9DFC-F84D8F9DF7DB}
	EndGlobalSection
EndGlobal
