
Microsoft Visual Studio Solution File, Format Version 12.00
# Visual Studio Version 17
VisualStudioVersion = 17.1.32421.90
MinimumVisualStudioVersion = 10.0.40219.1
Project("{9A19103F-16F7-4668-BE54-9A1E7A4F7556}") = "01. Encrypt, Sort and Print Array", "01. Encrypt, Sort and Print Array\01. Encrypt, Sort and Print Array.csproj", "{A46476B5-9749-467A-86C9-3E34104EBBA4}"
EndProject
Project("{FAE04EC0-301F-11D3-BF4B-00C04F79EFBC}") = "02. Pascal Triangle", "02. Pascal Triangle\02. Pascal Triangle.csproj", "{2B6030D6-2A97-4E3A-B3E0-49779697A54D}"
EndProject
Global
	GlobalSection(SolutionConfigurationPlatforms) = preSolution
		Debug|Any CPU = Debug|Any CPU
		Release|Any CPU = Release|Any CPU
	EndGlobalSection
	GlobalSection(ProjectConfigurationPlatforms) = postSolution
		{A46476B5-9749-467A-86C9-3E34104EBBA4}.Debug|Any CPU.ActiveCfg = Debug|Any CPU
		{A46476B5-9749-467A-86C9-3E34104EBBA4}.Debug|Any CPU.Build.0 = Debug|Any CPU
		{A46476B5-9749-467A-86C9-3E34104EBBA4}.Release|Any CPU.ActiveCfg = Release|Any CPU
		{A46476B5-9749-467A-86C9-3E34104EBBA4}.Release|Any CPU.Build.0 = Release|Any CPU
		{2B6030D6-2A97-4E3A-B3E0-49779697A54D}.Debug|Any CPU.ActiveCfg = Debug|Any CPU
		{2B6030D6-2A97-4E3A-B3E0-49779697A54D}.Debug|Any CPU.Build.0 = Debug|Any CPU
		{2B6030D6-2A97-4E3A-B3E0-49779697A54D}.Release|Any CPU.ActiveCfg = Release|Any CPU
		{2B6030D6-2A97-4E3A-B3E0-49779697A54D}.Release|Any CPU.Build.0 = Release|Any CPU
	EndGlobalSection
	GlobalSection(SolutionProperties) = preSolution
		HideSolutionNode = FALSE
	EndGlobalSection
	GlobalSection(ExtensibilityGlobals) = postSolution
		SolutionGuid = {049BEECA-1F41-4D9D-BAA9-45EF3C50133B}
	EndGlobalSection
EndGlobal
