
Microsoft Visual Studio Solution File, Format Version 12.00
# Visual Studio Version 17
VisualStudioVersion = 17.1.32421.90
MinimumVisualStudioVersion = 10.0.40219.1
Project("{FAE04EC0-301F-11D3-BF4B-00C04F79EFBC}") = "02. Boss Rush", "02. Boss Rush\02. Boss Rush.csproj", "{67DFC12E-09D6-49BA-A49F-06ED9E92D3E2}"
EndProject
Project("{FAE04EC0-301F-11D3-BF4B-00C04F79EFBC}") = "boss", "boss\boss.csproj", "{ED3552FB-90F0-44E9-8013-0DFF6893F99B}"
EndProject
Project("{FAE04EC0-301F-11D3-BF4B-00C04F79EFBC}") = "03. Degustation Party", "03. Degustation Party\03. Degustation Party.csproj", "{E0CC2FF7-F24D-4067-9092-5F01C891027D}"
EndProject
Project("{FAE04EC0-301F-11D3-BF4B-00C04F79EFBC}") = "01. Hogwarts", "01. Hogwarts\01. Hogwarts.csproj", "{9C018B10-0E65-4182-B2CA-57171EF0C701}"
EndProject
Global
	GlobalSection(SolutionConfigurationPlatforms) = preSolution
		Debug|Any CPU = Debug|Any CPU
		Release|Any CPU = Release|Any CPU
	EndGlobalSection
	GlobalSection(ProjectConfigurationPlatforms) = postSolution
		{67DFC12E-09D6-49BA-A49F-06ED9E92D3E2}.Debug|Any CPU.ActiveCfg = Debug|Any CPU
		{67DFC12E-09D6-49BA-A49F-06ED9E92D3E2}.Debug|Any CPU.Build.0 = Debug|Any CPU
		{67DFC12E-09D6-49BA-A49F-06ED9E92D3E2}.Release|Any CPU.ActiveCfg = Release|Any CPU
		{67DFC12E-09D6-49BA-A49F-06ED9E92D3E2}.Release|Any CPU.Build.0 = Release|Any CPU
		{ED3552FB-90F0-44E9-8013-0DFF6893F99B}.Debug|Any CPU.ActiveCfg = Debug|Any CPU
		{ED3552FB-90F0-44E9-8013-0DFF6893F99B}.Debug|Any CPU.Build.0 = Debug|Any CPU
		{ED3552FB-90F0-44E9-8013-0DFF6893F99B}.Release|Any CPU.ActiveCfg = Release|Any CPU
		{ED3552FB-90F0-44E9-8013-0DFF6893F99B}.Release|Any CPU.Build.0 = Release|Any CPU
		{E0CC2FF7-F24D-4067-9092-5F01C891027D}.Debug|Any CPU.ActiveCfg = Debug|Any CPU
		{E0CC2FF7-F24D-4067-9092-5F01C891027D}.Debug|Any CPU.Build.0 = Debug|Any CPU
		{E0CC2FF7-F24D-4067-9092-5F01C891027D}.Release|Any CPU.ActiveCfg = Release|Any CPU
		{E0CC2FF7-F24D-4067-9092-5F01C891027D}.Release|Any CPU.Build.0 = Release|Any CPU
		{9C018B10-0E65-4182-B2CA-57171EF0C701}.Debug|Any CPU.ActiveCfg = Debug|Any CPU
		{9C018B10-0E65-4182-B2CA-57171EF0C701}.Debug|Any CPU.Build.0 = Debug|Any CPU
		{9C018B10-0E65-4182-B2CA-57171EF0C701}.Release|Any CPU.ActiveCfg = Release|Any CPU
		{9C018B10-0E65-4182-B2CA-57171EF0C701}.Release|Any CPU.Build.0 = Release|Any CPU
	EndGlobalSection
	GlobalSection(SolutionProperties) = preSolution
		HideSolutionNode = FALSE
	EndGlobalSection
	GlobalSection(ExtensibilityGlobals) = postSolution
		SolutionGuid = {D73FBE4E-E8C1-42F6-864C-245C554183FD}
	EndGlobalSection
EndGlobal
