
Microsoft Visual Studio Solution File, Format Version 12.00
# Visual Studio Version 17
VisualStudioVersion = 17.1.32421.90
MinimumVisualStudioVersion = 10.0.40219.1
Project("{9A19103F-16F7-4668-BE54-9A1E7A4F7556}") = "02. Division", "02. Division\02. Division.csproj", "{EED0AD8D-72F8-42C6-B6B7-789E9832AB3B}"
EndProject
Project("{9A19103F-16F7-4668-BE54-9A1E7A4F7556}") = "03. Vacation", "03. Vacation\03. Vacation.csproj", "{C35FBCD9-CFD9-4FBC-9A21-9FA878EAE27E}"
EndProject
Project("{9A19103F-16F7-4668-BE54-9A1E7A4F7556}") = "04. Print and sum", "04. Print and sum\04. Print and sum.csproj", "{6E8C31A4-4921-4782-8B19-321292019891}"
EndProject
Project("{9A19103F-16F7-4668-BE54-9A1E7A4F7556}") = "05. Login", "05. Login\05. Login.csproj", "{BBFE8D2E-C44F-4C2F-9075-9A04EDE190DA}"
EndProject
Project("{9A19103F-16F7-4668-BE54-9A1E7A4F7556}") = "01. Ages", "01. Ages\01. Ages.csproj", "{C14E13FA-3B1C-4E42-8EF6-A985053F5432}"
EndProject
Project("{9A19103F-16F7-4668-BE54-9A1E7A4F7556}") = "06. Strong number", "06. Strong number\06. Strong number.csproj", "{00A43565-861E-46DC-89C6-AE0FB3820ECA}"
EndProject
Project("{9A19103F-16F7-4668-BE54-9A1E7A4F7556}") = "07. Vending Machine", "07. Vending Machine\07. Vending Machine.csproj", "{59595E54-A8FF-45B8-9930-CFB676B8FBAA}"
EndProject
Project("{FAE04EC0-301F-11D3-BF4B-00C04F79EFBC}") = "08. Triangle of Numbers", "08. Triangle of Numbers\08. Triangle of Numbers.csproj", "{6AC9820F-2B49-46BD-9B0C-741B8E19AB2B}"
EndProject
Project("{FAE04EC0-301F-11D3-BF4B-00C04F79EFBC}") = "09. Padawan Equipment", "09. Padawan Equipment\09. Padawan Equipment.csproj", "{091979CE-357D-4E22-88A2-E1140F563D31}"
EndProject
Project("{FAE04EC0-301F-11D3-BF4B-00C04F79EFBC}") = "10. Rage Expenses", "10. Rage Expenses\10. Rage Expenses.csproj", "{75829A01-FC8E-404F-8133-96951BC6032F}"
EndProject
Project("{FAE04EC0-301F-11D3-BF4B-00C04F79EFBC}") = "11. Orders", "11. Orders\11. Orders.csproj", "{3865EE74-C10B-435F-B3D9-82EA49D93C61}"
EndProject
Global
	GlobalSection(SolutionConfigurationPlatforms) = preSolution
		Debug|Any CPU = Debug|Any CPU
		Release|Any CPU = Release|Any CPU
	EndGlobalSection
	GlobalSection(ProjectConfigurationPlatforms) = postSolution
		{EED0AD8D-72F8-42C6-B6B7-789E9832AB3B}.Debug|Any CPU.ActiveCfg = Debug|Any CPU
		{EED0AD8D-72F8-42C6-B6B7-789E9832AB3B}.Debug|Any CPU.Build.0 = Debug|Any CPU
		{EED0AD8D-72F8-42C6-B6B7-789E9832AB3B}.Release|Any CPU.ActiveCfg = Release|Any CPU
		{EED0AD8D-72F8-42C6-B6B7-789E9832AB3B}.Release|Any CPU.Build.0 = Release|Any CPU
		{C35FBCD9-CFD9-4FBC-9A21-9FA878EAE27E}.Debug|Any CPU.ActiveCfg = Debug|Any CPU
		{C35FBCD9-CFD9-4FBC-9A21-9FA878EAE27E}.Debug|Any CPU.Build.0 = Debug|Any CPU
		{C35FBCD9-CFD9-4FBC-9A21-9FA878EAE27E}.Release|Any CPU.ActiveCfg = Release|Any CPU
		{C35FBCD9-CFD9-4FBC-9A21-9FA878EAE27E}.Release|Any CPU.Build.0 = Release|Any CPU
		{6E8C31A4-4921-4782-8B19-321292019891}.Debug|Any CPU.ActiveCfg = Debug|Any CPU
		{6E8C31A4-4921-4782-8B19-321292019891}.Debug|Any CPU.Build.0 = Debug|Any CPU
		{6E8C31A4-4921-4782-8B19-321292019891}.Release|Any CPU.ActiveCfg = Release|Any CPU
		{6E8C31A4-4921-4782-8B19-321292019891}.Release|Any CPU.Build.0 = Release|Any CPU
		{BBFE8D2E-C44F-4C2F-9075-9A04EDE190DA}.Debug|Any CPU.ActiveCfg = Debug|Any CPU
		{BBFE8D2E-C44F-4C2F-9075-9A04EDE190DA}.Debug|Any CPU.Build.0 = Debug|Any CPU
		{BBFE8D2E-C44F-4C2F-9075-9A04EDE190DA}.Release|Any CPU.ActiveCfg = Release|Any CPU
		{BBFE8D2E-C44F-4C2F-9075-9A04EDE190DA}.Release|Any CPU.Build.0 = Release|Any CPU
		{C14E13FA-3B1C-4E42-8EF6-A985053F5432}.Debug|Any CPU.ActiveCfg = Debug|Any CPU
		{C14E13FA-3B1C-4E42-8EF6-A985053F5432}.Debug|Any CPU.Build.0 = Debug|Any CPU
		{C14E13FA-3B1C-4E42-8EF6-A985053F5432}.Release|Any CPU.ActiveCfg = Release|Any CPU
		{C14E13FA-3B1C-4E42-8EF6-A985053F5432}.Release|Any CPU.Build.0 = Release|Any CPU
		{00A43565-861E-46DC-89C6-AE0FB3820ECA}.Debug|Any CPU.ActiveCfg = Debug|Any CPU
		{00A43565-861E-46DC-89C6-AE0FB3820ECA}.Debug|Any CPU.Build.0 = Debug|Any CPU
		{00A43565-861E-46DC-89C6-AE0FB3820ECA}.Release|Any CPU.ActiveCfg = Release|Any CPU
		{00A43565-861E-46DC-89C6-AE0FB3820ECA}.Release|Any CPU.Build.0 = Release|Any CPU
		{59595E54-A8FF-45B8-9930-CFB676B8FBAA}.Debug|Any CPU.ActiveCfg = Debug|Any CPU
		{59595E54-A8FF-45B8-9930-CFB676B8FBAA}.Debug|Any CPU.Build.0 = Debug|Any CPU
		{59595E54-A8FF-45B8-9930-CFB676B8FBAA}.Release|Any CPU.ActiveCfg = Release|Any CPU
		{59595E54-A8FF-45B8-9930-CFB676B8FBAA}.Release|Any CPU.Build.0 = Release|Any CPU
		{6AC9820F-2B49-46BD-9B0C-741B8E19AB2B}.Debug|Any CPU.ActiveCfg = Debug|Any CPU
		{6AC9820F-2B49-46BD-9B0C-741B8E19AB2B}.Debug|Any CPU.Build.0 = Debug|Any CPU
		{6AC9820F-2B49-46BD-9B0C-741B8E19AB2B}.Release|Any CPU.ActiveCfg = Release|Any CPU
		{6AC9820F-2B49-46BD-9B0C-741B8E19AB2B}.Release|Any CPU.Build.0 = Release|Any CPU
		{091979CE-357D-4E22-88A2-E1140F563D31}.Debug|Any CPU.ActiveCfg = Debug|Any CPU
		{091979CE-357D-4E22-88A2-E1140F563D31}.Debug|Any CPU.Build.0 = Debug|Any CPU
		{091979CE-357D-4E22-88A2-E1140F563D31}.Release|Any CPU.ActiveCfg = Release|Any CPU
		{091979CE-357D-4E22-88A2-E1140F563D31}.Release|Any CPU.Build.0 = Release|Any CPU
		{75829A01-FC8E-404F-8133-96951BC6032F}.Debug|Any CPU.ActiveCfg = Debug|Any CPU
		{75829A01-FC8E-404F-8133-96951BC6032F}.Debug|Any CPU.Build.0 = Debug|Any CPU
		{75829A01-FC8E-404F-8133-96951BC6032F}.Release|Any CPU.ActiveCfg = Release|Any CPU
		{75829A01-FC8E-404F-8133-96951BC6032F}.Release|Any CPU.Build.0 = Release|Any CPU
		{3865EE74-C10B-435F-B3D9-82EA49D93C61}.Debug|Any CPU.ActiveCfg = Debug|Any CPU
		{3865EE74-C10B-435F-B3D9-82EA49D93C61}.Debug|Any CPU.Build.0 = Debug|Any CPU
		{3865EE74-C10B-435F-B3D9-82EA49D93C61}.Release|Any CPU.ActiveCfg = Release|Any CPU
		{3865EE74-C10B-435F-B3D9-82EA49D93C61}.Release|Any CPU.Build.0 = Release|Any CPU
	EndGlobalSection
	GlobalSection(SolutionProperties) = preSolution
		HideSolutionNode = FALSE
	EndGlobalSection
	GlobalSection(ExtensibilityGlobals) = postSolution
		SolutionGuid = {8C9230E1-C0FD-4F78-95E1-D9573B0CC039}
	EndGlobalSection
EndGlobal
